
Microsoft Visual Studio Solution File, Format Version 12.00
# Visual Studio Version 16
VisualStudioVersion = 16.0.31019.35
MinimumVisualStudioVersion = 10.0.40219.1
Project("{FAE04EC0-301F-11D3-BF4B-00C04F79EFBC}") = "DotnetCore_Console_.NetGeneric-Host_NLog_Sample", "DotnetCore_Console_.NetGeneric-Host_NLog_Sample.csproj", "{634F7C55-C825-4112-AE94-D223DBE1446A}"
EndProject
Global
	GlobalSection(SolutionConfigurationPlatforms) = preSolution
		Debug|Any CPU = Debug|Any CPU
		Release|Any CPU = Release|Any CPU
	EndGlobalSection
	GlobalSection(ProjectConfigurationPlatforms) = postSolution
		{634F7C55-C825-4112-AE94-D223DBE1446A}.Debug|Any CPU.ActiveCfg = Debug|Any CPU
		{634F7C55-C825-4112-AE94-D223DBE1446A}.Debug|Any CPU.Build.0 = Debug|Any CPU
		{634F7C55-C825-4112-AE94-D223DBE1446A}.Release|Any CPU.ActiveCfg = Release|Any CPU
		{634F7C55-C825-4112-AE94-D223DBE1446A}.Release|Any CPU.Build.0 = Release|Any CPU
	EndGlobalSection
	GlobalSection(SolutionProperties) = preSolution
		HideSolutionNode = FALSE
	EndGlobalSection
	GlobalSection(ExtensibilityGlobals) = postSolution
		SolutionGuid = {E98D9011-71F2-4F4A-94B7-B9BEC2D31B78}
	EndGlobalSection
EndGlobal
